
Microsoft Visual Studio Solution File, Format Version 12.00
# Visual Studio Version 16
VisualStudioVersion = 16.0.30320.27
MinimumVisualStudioVersion = 10.0.40219.1
Project("{9A19103F-16F7-4668-BE54-9A1E7A4F7556}") = "TauriRaidTracker", "TauriRaidTracker\TauriRaidTracker.csproj", "{7581085C-4CEC-4791-8E45-AC953E85CC7A}"
EndProject
Project("{9A19103F-16F7-4668-BE54-9A1E7A4F7556}") = "MainApi", "TauriApi\MainApi.csproj", "{00661BAF-66DD-4E43-A191-EB6B7FB0EC5B}"
EndProject
Global
	GlobalSection(SolutionConfigurationPlatforms) = preSolution
		Debug|Any CPU = Debug|Any CPU
		Release|Any CPU = Release|Any CPU
	EndGlobalSection
	GlobalSection(ProjectConfigurationPlatforms) = postSolution
		{7581085C-4CEC-4791-8E45-AC953E85CC7A}.Debug|Any CPU.ActiveCfg = Debug|Any CPU
		{7581085C-4CEC-4791-8E45-AC953E85CC7A}.Debug|Any CPU.Build.0 = Debug|Any CPU
		{7581085C-4CEC-4791-8E45-AC953E85CC7A}.Release|Any CPU.ActiveCfg = Release|Any CPU
		{7581085C-4CEC-4791-8E45-AC953E85CC7A}.Release|Any CPU.Build.0 = Release|Any CPU
		{00661BAF-66DD-4E43-A191-EB6B7FB0EC5B}.Debug|Any CPU.ActiveCfg = Debug|Any CPU
		{00661BAF-66DD-4E43-A191-EB6B7FB0EC5B}.Debug|Any CPU.Build.0 = Debug|Any CPU
		{00661BAF-66DD-4E43-A191-EB6B7FB0EC5B}.Release|Any CPU.ActiveCfg = Release|Any CPU
		{00661BAF-66DD-4E43-A191-EB6B7FB0EC5B}.Release|Any CPU.Build.0 = Release|Any CPU
	EndGlobalSection
	GlobalSection(SolutionProperties) = preSolution
		HideSolutionNode = FALSE
	EndGlobalSection
	GlobalSection(ExtensibilityGlobals) = postSolution
		SolutionGuid = {2F985466-D815-461B-A7E3-8ACAABAA6848}
	EndGlobalSection
EndGlobal
